// !$*UTF8*$!
{
	archiveVersion = 1;
	classes = {
	};
	objectVersion = 46;
	objects = {

/* Begin PBXBuildFile section */
		830C837A2D2624C8060B469C /* libPods-School Crime London.a in Frameworks */ = {isa = PBXBuildFile; fileRef = 59AA2DBF5C463785F0512B22 /* libPods-School Crime London.a */; };
		DA20880A1B32B2B70074B702 /* crime.ttl in Resources */ = {isa = PBXBuildFile; fileRef = DA2088041B32B2B70074B702 /* crime.ttl */; };
		DA20880B1B32B2B70074B702 /* game.ttl in Resources */ = {isa = PBXBuildFile; fileRef = DA2088051B32B2B70074B702 /* game.ttl */; };
		DA20880C1B32B2B70074B702 /* location.ttl in Resources */ = {isa = PBXBuildFile; fileRef = DA2088061B32B2B70074B702 /* location.ttl */; };
		DA20880D1B32B2B70074B702 /* point.ttl in Resources */ = {isa = PBXBuildFile; fileRef = DA2088071B32B2B70074B702 /* point.ttl */; };
		DA20880E1B32B2B70074B702 /* school.ttl in Resources */ = {isa = PBXBuildFile; fileRef = DA2088081B32B2B70074B702 /* school.ttl */; };
		DA4AB8BB1B062A1A00D684CE /* AppDelegate.m in Sources */ = {isa = PBXBuildFile; fileRef = DA4AB8BA1B062A1A00D684CE /* AppDelegate.m */; };
		DA4AB8BD1B062A1A00D684CE /* main.m in Sources */ = {isa = PBXBuildFile; fileRef = DA4AB8BC1B062A1A00D684CE /* main.m */; };
		DA4AB8C21B062A1A00D684CE /* Images.xcassets in Resources */ = {isa = PBXBuildFile; fileRef = DA4AB8C11B062A1A00D684CE /* Images.xcassets */; };
		DA4AB8C51B062A1A00D684CE /* Main.storyboard in Resources */ = {isa = PBXBuildFile; fileRef = DA4AB8C31B062A1A00D684CE /* Main.storyboard */; };
		DA4AB8D11B062A1A00D684CE /* School_Crime_LondonTests.m in Sources */ = {isa = PBXBuildFile; fileRef = DA4AB8D01B062A1A00D684CE /* School_Crime_LondonTests.m */; };
		DA6DE4A11B0E9C3200D94B4D /* LBCSchool-processed.csv in Resources */ = {isa = PBXBuildFile; fileRef = DA6DE4A01B0E9C3200D94B4D /* LBCSchool-processed.csv */; };
		DA739AEE1B0E3AF600392983 /* TranslateSchoolNamesToCoordsAPIDataManager.m in Sources */ = {isa = PBXBuildFile; fileRef = DA739ADA1B0E3AF600392983 /* TranslateSchoolNamesToCoordsAPIDataManager.m */; };
		DA739AEF1B0E3AF600392983 /* TranslateSchoolNamesToCoordsLocalDataManager.m in Sources */ = {isa = PBXBuildFile; fileRef = DA739ADD1B0E3AF600392983 /* TranslateSchoolNamesToCoordsLocalDataManager.m */; };
		DA739AF01B0E3AF600392983 /* TranslateSchoolNamesToCoordsInteractor.m in Sources */ = {isa = PBXBuildFile; fileRef = DA739AE01B0E3AF600392983 /* TranslateSchoolNamesToCoordsInteractor.m */; };
		DA739AF11B0E3AF600392983 /* TranslateSchoolNamesToCoordsItem.m in Sources */ = {isa = PBXBuildFile; fileRef = DA739AE21B0E3AF600392983 /* TranslateSchoolNamesToCoordsItem.m */; };
		DA739AF21B0E3AF600392983 /* TranslateSchoolNamesToCoordsPresenter.m in Sources */ = {isa = PBXBuildFile; fileRef = DA739AE51B0E3AF600392983 /* TranslateSchoolNamesToCoordsPresenter.m */; };
		DA739AF31B0E3AF600392983 /* TranslateSchoolNamesToCoordsView.m in Sources */ = {isa = PBXBuildFile; fileRef = DA739AEA1B0E3AF600392983 /* TranslateSchoolNamesToCoordsView.m */; };
		DA739AF41B0E3AF600392983 /* TranslateSchoolNamesToCoordsWireFrame.m in Sources */ = {isa = PBXBuildFile; fileRef = DA739AED1B0E3AF600392983 /* TranslateSchoolNamesToCoordsWireFrame.m */; };
		DA93FDAA1B0DD68D00D7375A /* MainViewAPIDataManager.m in Sources */ = {isa = PBXBuildFile; fileRef = DA93FD961B0DD68D00D7375A /* MainViewAPIDataManager.m */; };
		DA93FDAB1B0DD68D00D7375A /* MainViewLocalDataManager.m in Sources */ = {isa = PBXBuildFile; fileRef = DA93FD991B0DD68D00D7375A /* MainViewLocalDataManager.m */; };
		DA93FDAC1B0DD68D00D7375A /* MainViewInteractor.m in Sources */ = {isa = PBXBuildFile; fileRef = DA93FD9C1B0DD68D00D7375A /* MainViewInteractor.m */; };
		DA93FDAD1B0DD68D00D7375A /* MainViewItem.m in Sources */ = {isa = PBXBuildFile; fileRef = DA93FD9E1B0DD68D00D7375A /* MainViewItem.m */; };
		DA93FDAE1B0DD68D00D7375A /* MainViewPresenter.m in Sources */ = {isa = PBXBuildFile; fileRef = DA93FDA11B0DD68D00D7375A /* MainViewPresenter.m */; };
		DA93FDAF1B0DD68D00D7375A /* MainViewView.m in Sources */ = {isa = PBXBuildFile; fileRef = DA93FDA61B0DD68D00D7375A /* MainViewView.m */; };
		DA93FDB01B0DD68D00D7375A /* MainViewWireFrame.m in Sources */ = {isa = PBXBuildFile; fileRef = DA93FDA91B0DD68D00D7375A /* MainViewWireFrame.m */; };
		DA9E22031B062E85001507A3 /* ExtractGameDataAPIDataManager.m in Sources */ = {isa = PBXBuildFile; fileRef = DA9E21EF1B062E85001507A3 /* ExtractGameDataAPIDataManager.m */; };
		DA9E22041B062E85001507A3 /* ExtractGameDataLocalDataManager.m in Sources */ = {isa = PBXBuildFile; fileRef = DA9E21F21B062E85001507A3 /* ExtractGameDataLocalDataManager.m */; };
		DA9E22051B062E85001507A3 /* ExtractGameDataInteractor.m in Sources */ = {isa = PBXBuildFile; fileRef = DA9E21F51B062E85001507A3 /* ExtractGameDataInteractor.m */; };
		DA9E22061B062E85001507A3 /* ExtractGameDataItem.m in Sources */ = {isa = PBXBuildFile; fileRef = DA9E21F71B062E85001507A3 /* ExtractGameDataItem.m */; };
		DA9E22071B062E85001507A3 /* ExtractGameDataPresenter.m in Sources */ = {isa = PBXBuildFile; fileRef = DA9E21FA1B062E85001507A3 /* ExtractGameDataPresenter.m */; };
		DA9E22081B062E85001507A3 /* ExtractGameDataView.m in Sources */ = {isa = PBXBuildFile; fileRef = DA9E21FF1B062E85001507A3 /* ExtractGameDataView.m */; };
		DA9E22091B062E85001507A3 /* ExtractGameDataWireFrame.m in Sources */ = {isa = PBXBuildFile; fileRef = DA9E22021B062E85001507A3 /* ExtractGameDataWireFrame.m */; };
		DA9E220E1B069592001507A3 /* NSDate+Additions.m in Sources */ = {isa = PBXBuildFile; fileRef = DA9E220D1B069592001507A3 /* NSDate+Additions.m */; };
		DA9F45EF1B1C967000DB96C8 /* AFHTTPRequestOperation+Additions.m in Sources */ = {isa = PBXBuildFile; fileRef = DA9F45EE1B1C967000DB96C8 /* AFHTTPRequestOperation+Additions.m */; };
		DA9F46081B1CBC5900DB96C8 /* BuildRdfAPIDataManager.m in Sources */ = {isa = PBXBuildFile; fileRef = DA9F45F41B1CBC5900DB96C8 /* BuildRdfAPIDataManager.m */; };
		DA9F46091B1CBC5900DB96C8 /* BuildRdfLocalDataManager.m in Sources */ = {isa = PBXBuildFile; fileRef = DA9F45F71B1CBC5900DB96C8 /* BuildRdfLocalDataManager.m */; };
		DA9F460A1B1CBC5900DB96C8 /* BuildRdfInteractor.m in Sources */ = {isa = PBXBuildFile; fileRef = DA9F45FA1B1CBC5900DB96C8 /* BuildRdfInteractor.m */; };
		DA9F460B1B1CBC5900DB96C8 /* BuildRdfItem.m in Sources */ = {isa = PBXBuildFile; fileRef = DA9F45FC1B1CBC5900DB96C8 /* BuildRdfItem.m */; };
		DA9F460C1B1CBC5900DB96C8 /* BuildRdfPresenter.m in Sources */ = {isa = PBXBuildFile; fileRef = DA9F45FF1B1CBC5900DB96C8 /* BuildRdfPresenter.m */; };
		DA9F460D1B1CBC5900DB96C8 /* BuildRdfView.m in Sources */ = {isa = PBXBuildFile; fileRef = DA9F46041B1CBC5900DB96C8 /* BuildRdfView.m */; };
		DA9F460E1B1CBC5900DB96C8 /* BuildRdfWireFrame.m in Sources */ = {isa = PBXBuildFile; fileRef = DA9F46071B1CBC5900DB96C8 /* BuildRdfWireFrame.m */; };
		DAAAF22F1B23B83300CC2545 /* NSString+Additions.m in Sources */ = {isa = PBXBuildFile; fileRef = DAAAF22E1B23B83300CC2545 /* NSString+Additions.m */; };
		DAACE0301B0BDFC10059B44A /* ParseLondonDataStoreDataAPIDataManager.m in Sources */ = {isa = PBXBuildFile; fileRef = DAACE01C1B0BDFC10059B44A /* ParseLondonDataStoreDataAPIDataManager.m */; };
		DAACE0311B0BDFC10059B44A /* ParseLondonDataStoreDataLocalDataManager.m in Sources */ = {isa = PBXBuildFile; fileRef = DAACE01F1B0BDFC10059B44A /* ParseLondonDataStoreDataLocalDataManager.m */; };
		DAACE0321B0BDFC10059B44A /* ParseLondonDataStoreDataInteractor.m in Sources */ = {isa = PBXBuildFile; fileRef = DAACE0221B0BDFC10059B44A /* ParseLondonDataStoreDataInteractor.m */; };
		DAACE0331B0BDFC10059B44A /* ParseLondonDataStoreDataItem.m in Sources */ = {isa = PBXBuildFile; fileRef = DAACE0241B0BDFC10059B44A /* ParseLondonDataStoreDataItem.m */; };
		DAACE0341B0BDFC10059B44A /* ParseLondonDataStoreDataPresenter.m in Sources */ = {isa = PBXBuildFile; fileRef = DAACE0271B0BDFC10059B44A /* ParseLondonDataStoreDataPresenter.m */; };
		DAACE0351B0BDFC10059B44A /* ParseLondonDataStoreDataView.m in Sources */ = {isa = PBXBuildFile; fileRef = DAACE02C1B0BDFC10059B44A /* ParseLondonDataStoreDataView.m */; };
		DAACE0361B0BDFC10059B44A /* ParseLondonDataStoreDataWireFrame.m in Sources */ = {isa = PBXBuildFile; fileRef = DAACE02F1B0BDFC10059B44A /* ParseLondonDataStoreDataWireFrame.m */; };
		DAE387821B14815D009229C8 /* SearchCrimeSceneAPIDataManager.m in Sources */ = {isa = PBXBuildFile; fileRef = DAE3876E1B14815D009229C8 /* SearchCrimeSceneAPIDataManager.m */; };
		DAE387831B14815D009229C8 /* SearchCrimeSceneLocalDataManager.m in Sources */ = {isa = PBXBuildFile; fileRef = DAE387711B14815D009229C8 /* SearchCrimeSceneLocalDataManager.m */; };
		DAE387841B14815D009229C8 /* SearchCrimeSceneInteractor.m in Sources */ = {isa = PBXBuildFile; fileRef = DAE387741B14815D009229C8 /* SearchCrimeSceneInteractor.m */; };
		DAE387851B14815D009229C8 /* SearchCrimeSceneItem.m in Sources */ = {isa = PBXBuildFile; fileRef = DAE387761B14815D009229C8 /* SearchCrimeSceneItem.m */; };
		DAE387861B14815D009229C8 /* SearchCrimeScenePresenter.m in Sources */ = {isa = PBXBuildFile; fileRef = DAE387791B14815D009229C8 /* SearchCrimeScenePresenter.m */; };
		DAE387871B14815D009229C8 /* SearchCrimeSceneView.m in Sources */ = {isa = PBXBuildFile; fileRef = DAE3877E1B14815D009229C8 /* SearchCrimeSceneView.m */; };
		DAE387881B14815D009229C8 /* SearchCrimeSceneWireFrame.m in Sources */ = {isa = PBXBuildFile; fileRef = DAE387811B14815D009229C8 /* SearchCrimeSceneWireFrame.m */; };
/* End PBXBuildFile section */

/* Begin PBXContainerItemProxy section */
		DA4AB8CB1B062A1A00D684CE /* PBXContainerItemProxy */ = {
			isa = PBXContainerItemProxy;
			containerPortal = DA4AB8AC1B062A1A00D684CE /* Project object */;
			proxyType = 1;
			remoteGlobalIDString = DA4AB8B31B062A1A00D684CE;
			remoteInfo = "School Crime London";
		};
/* End PBXContainerItemProxy section */

/* Begin PBXFileReference section */
		59AA2DBF5C463785F0512B22 /* libPods-School Crime London.a */ = {isa = PBXFileReference; explicitFileType = archive.ar; includeInIndex = 0; path = "libPods-School Crime London.a"; sourceTree = BUILT_PRODUCTS_DIR; };
		9E7D1F96A70815FA7E309B28 /* Pods-School Crime London.release.xcconfig */ = {isa = PBXFileReference; includeInIndex = 1; lastKnownFileType = text.xcconfig; name = "Pods-School Crime London.release.xcconfig"; path = "Pods/Target Support Files/Pods-School Crime London/Pods-School Crime London.release.xcconfig"; sourceTree = "<group>"; };
		B28C36BB3475D30947F80F7D /* Pods-School Crime London.debug.xcconfig */ = {isa = PBXFileReference; includeInIndex = 1; lastKnownFileType = text.xcconfig; name = "Pods-School Crime London.debug.xcconfig"; path = "Pods/Target Support Files/Pods-School Crime London/Pods-School Crime London.debug.xcconfig"; sourceTree = "<group>"; };
		DA2088041B32B2B70074B702 /* crime.ttl */ = {isa = PBXFileReference; fileEncoding = 4; lastKnownFileType = text; path = crime.ttl; sourceTree = "<group>"; };
		DA2088051B32B2B70074B702 /* game.ttl */ = {isa = PBXFileReference; fileEncoding = 4; lastKnownFileType = text; path = game.ttl; sourceTree = "<group>"; };
		DA2088061B32B2B70074B702 /* location.ttl */ = {isa = PBXFileReference; fileEncoding = 4; lastKnownFileType = text; path = location.ttl; sourceTree = "<group>"; };
		DA2088071B32B2B70074B702 /* point.ttl */ = {isa = PBXFileReference; fileEncoding = 4; lastKnownFileType = text; path = point.ttl; sourceTree = "<group>"; };
		DA2088081B32B2B70074B702 /* school.ttl */ = {isa = PBXFileReference; fileEncoding = 4; lastKnownFileType = text; path = school.ttl; sourceTree = "<group>"; };
		DA4AB8B41B062A1A00D684CE /* School Crime London.app */ = {isa = PBXFileReference; explicitFileType = wrapper.application; includeInIndex = 0; path = "School Crime London.app"; sourceTree = BUILT_PRODUCTS_DIR; };
		DA4AB8B81B062A1A00D684CE /* Info.plist */ = {isa = PBXFileReference; lastKnownFileType = text.plist.xml; path = Info.plist; sourceTree = "<group>"; };
		DA4AB8B91B062A1A00D684CE /* AppDelegate.h */ = {isa = PBXFileReference; lastKnownFileType = sourcecode.c.h; path = AppDelegate.h; sourceTree = "<group>"; };
		DA4AB8BA1B062A1A00D684CE /* AppDelegate.m */ = {isa = PBXFileReference; lastKnownFileType = sourcecode.c.objc; path = AppDelegate.m; sourceTree = "<group>"; };
		DA4AB8BC1B062A1A00D684CE /* main.m */ = {isa = PBXFileReference; lastKnownFileType = sourcecode.c.objc; path = main.m; sourceTree = "<group>"; };
		DA4AB8C11B062A1A00D684CE /* Images.xcassets */ = {isa = PBXFileReference; lastKnownFileType = folder.assetcatalog; path = Images.xcassets; sourceTree = "<group>"; };
		DA4AB8C41B062A1A00D684CE /* Base */ = {isa = PBXFileReference; lastKnownFileType = file.storyboard; name = Base; path = Base.lproj/Main.storyboard; sourceTree = "<group>"; };
		DA4AB8CA1B062A1A00D684CE /* School Crime LondonTests.xctest */ = {isa = PBXFileReference; explicitFileType = wrapper.cfbundle; includeInIndex = 0; path = "School Crime LondonTests.xctest"; sourceTree = BUILT_PRODUCTS_DIR; };
		DA4AB8CF1B062A1A00D684CE /* Info.plist */ = {isa = PBXFileReference; lastKnownFileType = text.plist.xml; path = Info.plist; sourceTree = "<group>"; };
		DA4AB8D01B062A1A00D684CE /* School_Crime_LondonTests.m */ = {isa = PBXFileReference; lastKnownFileType = sourcecode.c.objc; path = School_Crime_LondonTests.m; sourceTree = "<group>"; };
		DA6DE4A01B0E9C3200D94B4D /* LBCSchool-processed.csv */ = {isa = PBXFileReference; fileEncoding = 4; lastKnownFileType = text; path = "LBCSchool-processed.csv"; sourceTree = "<group>"; };
		DA739AD91B0E3AF600392983 /* TranslateSchoolNamesToCoordsAPIDataManager.h */ = {isa = PBXFileReference; fileEncoding = 4; lastKnownFileType = sourcecode.c.h; path = TranslateSchoolNamesToCoordsAPIDataManager.h; sourceTree = "<group>"; };
		DA739ADA1B0E3AF600392983 /* TranslateSchoolNamesToCoordsAPIDataManager.m */ = {isa = PBXFileReference; fileEncoding = 4; lastKnownFileType = sourcecode.c.objc; path = TranslateSchoolNamesToCoordsAPIDataManager.m; sourceTree = "<group>"; };
		DA739ADC1B0E3AF600392983 /* TranslateSchoolNamesToCoordsLocalDataManager.h */ = {isa = PBXFileReference; fileEncoding = 4; lastKnownFileType = sourcecode.c.h; path = TranslateSchoolNamesToCoordsLocalDataManager.h; sourceTree = "<group>"; };
		DA739ADD1B0E3AF600392983 /* TranslateSchoolNamesToCoordsLocalDataManager.m */ = {isa = PBXFileReference; fileEncoding = 4; lastKnownFileType = sourcecode.c.objc; path = TranslateSchoolNamesToCoordsLocalDataManager.m; sourceTree = "<group>"; };
		DA739ADF1B0E3AF600392983 /* TranslateSchoolNamesToCoordsInteractor.h */ = {isa = PBXFileReference; fileEncoding = 4; lastKnownFileType = sourcecode.c.h; path = TranslateSchoolNamesToCoordsInteractor.h; sourceTree = "<group>"; };
		DA739AE01B0E3AF600392983 /* TranslateSchoolNamesToCoordsInteractor.m */ = {isa = PBXFileReference; fileEncoding = 4; lastKnownFileType = sourcecode.c.objc; path = TranslateSchoolNamesToCoordsInteractor.m; sourceTree = "<group>"; };
		DA739AE11B0E3AF600392983 /* TranslateSchoolNamesToCoordsItem.h */ = {isa = PBXFileReference; fileEncoding = 4; lastKnownFileType = sourcecode.c.h; path = TranslateSchoolNamesToCoordsItem.h; sourceTree = "<group>"; };
		DA739AE21B0E3AF600392983 /* TranslateSchoolNamesToCoordsItem.m */ = {isa = PBXFileReference; fileEncoding = 4; lastKnownFileType = sourcecode.c.objc; path = TranslateSchoolNamesToCoordsItem.m; sourceTree = "<group>"; };
		DA739AE41B0E3AF600392983 /* TranslateSchoolNamesToCoordsPresenter.h */ = {isa = PBXFileReference; fileEncoding = 4; lastKnownFileType = sourcecode.c.h; path = TranslateSchoolNamesToCoordsPresenter.h; sourceTree = "<group>"; };
		DA739AE51B0E3AF600392983 /* TranslateSchoolNamesToCoordsPresenter.m */ = {isa = PBXFileReference; fileEncoding = 4; lastKnownFileType = sourcecode.c.objc; path = TranslateSchoolNamesToCoordsPresenter.m; sourceTree = "<group>"; };
		DA739AE71B0E3AF600392983 /* TranslateSchoolNamesToCoordsProtocols.h */ = {isa = PBXFileReference; fileEncoding = 4; lastKnownFileType = sourcecode.c.h; path = TranslateSchoolNamesToCoordsProtocols.h; sourceTree = "<group>"; };
		DA739AE91B0E3AF600392983 /* TranslateSchoolNamesToCoordsView.h */ = {isa = PBXFileReference; fileEncoding = 4; lastKnownFileType = sourcecode.c.h; path = TranslateSchoolNamesToCoordsView.h; sourceTree = "<group>"; };
		DA739AEA1B0E3AF600392983 /* TranslateSchoolNamesToCoordsView.m */ = {isa = PBXFileReference; fileEncoding = 4; lastKnownFileType = sourcecode.c.objc; path = TranslateSchoolNamesToCoordsView.m; sourceTree = "<group>"; };
		DA739AEC1B0E3AF600392983 /* TranslateSchoolNamesToCoordsWireFrame.h */ = {isa = PBXFileReference; fileEncoding = 4; lastKnownFileType = sourcecode.c.h; path = TranslateSchoolNamesToCoordsWireFrame.h; sourceTree = "<group>"; };
		DA739AED1B0E3AF600392983 /* TranslateSchoolNamesToCoordsWireFrame.m */ = {isa = PBXFileReference; fileEncoding = 4; lastKnownFileType = sourcecode.c.objc; path = TranslateSchoolNamesToCoordsWireFrame.m; sourceTree = "<group>"; };
		DA93FD951B0DD68D00D7375A /* MainViewAPIDataManager.h */ = {isa = PBXFileReference; fileEncoding = 4; lastKnownFileType = sourcecode.c.h; path = MainViewAPIDataManager.h; sourceTree = "<group>"; };
		DA93FD961B0DD68D00D7375A /* MainViewAPIDataManager.m */ = {isa = PBXFileReference; fileEncoding = 4; lastKnownFileType = sourcecode.c.objc; path = MainViewAPIDataManager.m; sourceTree = "<group>"; };
		DA93FD981B0DD68D00D7375A /* MainViewLocalDataManager.h */ = {isa = PBXFileReference; fileEncoding = 4; lastKnownFileType = sourcecode.c.h; path = MainViewLocalDataManager.h; sourceTree = "<group>"; };
		DA93FD991B0DD68D00D7375A /* MainViewLocalDataManager.m */ = {isa = PBXFileReference; fileEncoding = 4; lastKnownFileType = sourcecode.c.objc; path = MainViewLocalDataManager.m; sourceTree = "<group>"; };
		DA93FD9B1B0DD68D00D7375A /* MainViewInteractor.h */ = {isa = PBXFileReference; fileEncoding = 4; lastKnownFileType = sourcecode.c.h; path = MainViewInteractor.h; sourceTree = "<group>"; };
		DA93FD9C1B0DD68D00D7375A /* MainViewInteractor.m */ = {isa = PBXFileReference; fileEncoding = 4; lastKnownFileType = sourcecode.c.objc; path = MainViewInteractor.m; sourceTree = "<group>"; };
		DA93FD9D1B0DD68D00D7375A /* MainViewItem.h */ = {isa = PBXFileReference; fileEncoding = 4; lastKnownFileType = sourcecode.c.h; path = MainViewItem.h; sourceTree = "<group>"; };
		DA93FD9E1B0DD68D00D7375A /* MainViewItem.m */ = {isa = PBXFileReference; fileEncoding = 4; lastKnownFileType = sourcecode.c.objc; path = MainViewItem.m; sourceTree = "<group>"; };
		DA93FDA01B0DD68D00D7375A /* MainViewPresenter.h */ = {isa = PBXFileReference; fileEncoding = 4; lastKnownFileType = sourcecode.c.h; path = MainViewPresenter.h; sourceTree = "<group>"; };
		DA93FDA11B0DD68D00D7375A /* MainViewPresenter.m */ = {isa = PBXFileReference; fileEncoding = 4; lastKnownFileType = sourcecode.c.objc; path = MainViewPresenter.m; sourceTree = "<group>"; };
		DA93FDA31B0DD68D00D7375A /* MainViewProtocols.h */ = {isa = PBXFileReference; fileEncoding = 4; lastKnownFileType = sourcecode.c.h; path = MainViewProtocols.h; sourceTree = "<group>"; };
		DA93FDA51B0DD68D00D7375A /* MainViewView.h */ = {isa = PBXFileReference; fileEncoding = 4; lastKnownFileType = sourcecode.c.h; path = MainViewView.h; sourceTree = "<group>"; };
		DA93FDA61B0DD68D00D7375A /* MainViewView.m */ = {isa = PBXFileReference; fileEncoding = 4; lastKnownFileType = sourcecode.c.objc; path = MainViewView.m; sourceTree = "<group>"; };
		DA93FDA81B0DD68D00D7375A /* MainViewWireFrame.h */ = {isa = PBXFileReference; fileEncoding = 4; lastKnownFileType = sourcecode.c.h; path = MainViewWireFrame.h; sourceTree = "<group>"; };
		DA93FDA91B0DD68D00D7375A /* MainViewWireFrame.m */ = {isa = PBXFileReference; fileEncoding = 4; lastKnownFileType = sourcecode.c.objc; path = MainViewWireFrame.m; sourceTree = "<group>"; };
		DA9E21EE1B062E85001507A3 /* ExtractGameDataAPIDataManager.h */ = {isa = PBXFileReference; fileEncoding = 4; lastKnownFileType = sourcecode.c.h; path = ExtractGameDataAPIDataManager.h; sourceTree = "<group>"; };
		DA9E21EF1B062E85001507A3 /* ExtractGameDataAPIDataManager.m */ = {isa = PBXFileReference; fileEncoding = 4; lastKnownFileType = sourcecode.c.objc; path = ExtractGameDataAPIDataManager.m; sourceTree = "<group>"; };
		DA9E21F11B062E85001507A3 /* ExtractGameDataLocalDataManager.h */ = {isa = PBXFileReference; fileEncoding = 4; lastKnownFileType = sourcecode.c.h; path = ExtractGameDataLocalDataManager.h; sourceTree = "<group>"; };
		DA9E21F21B062E85001507A3 /* ExtractGameDataLocalDataManager.m */ = {isa = PBXFileReference; fileEncoding = 4; lastKnownFileType = sourcecode.c.objc; path = ExtractGameDataLocalDataManager.m; sourceTree = "<group>"; };
		DA9E21F41B062E85001507A3 /* ExtractGameDataInteractor.h */ = {isa = PBXFileReference; fileEncoding = 4; lastKnownFileType = sourcecode.c.h; lineEnding = 0; path = ExtractGameDataInteractor.h; sourceTree = "<group>"; xcLanguageSpecificationIdentifier = xcode.lang.objcpp; };
		DA9E21F51B062E85001507A3 /* ExtractGameDataInteractor.m */ = {isa = PBXFileReference; fileEncoding = 4; lastKnownFileType = sourcecode.c.objc; path = ExtractGameDataInteractor.m; sourceTree = "<group>"; };
		DA9E21F61B062E85001507A3 /* ExtractGameDataItem.h */ = {isa = PBXFileReference; fileEncoding = 4; lastKnownFileType = sourcecode.c.h; path = ExtractGameDataItem.h; sourceTree = "<group>"; };
		DA9E21F71B062E85001507A3 /* ExtractGameDataItem.m */ = {isa = PBXFileReference; fileEncoding = 4; lastKnownFileType = sourcecode.c.objc; path = ExtractGameDataItem.m; sourceTree = "<group>"; };
		DA9E21F91B062E85001507A3 /* ExtractGameDataPresenter.h */ = {isa = PBXFileReference; fileEncoding = 4; lastKnownFileType = sourcecode.c.h; lineEnding = 0; path = ExtractGameDataPresenter.h; sourceTree = "<group>"; xcLanguageSpecificationIdentifier = xcode.lang.objcpp; };
		DA9E21FA1B062E85001507A3 /* ExtractGameDataPresenter.m */ = {isa = PBXFileReference; fileEncoding = 4; lastKnownFileType = sourcecode.c.objc; path = ExtractGameDataPresenter.m; sourceTree = "<group>"; };
		DA9E21FC1B062E85001507A3 /* ExtractGameDataProtocols.h */ = {isa = PBXFileReference; fileEncoding = 4; lastKnownFileType = sourcecode.c.h; lineEnding = 0; path = ExtractGameDataProtocols.h; sourceTree = "<group>"; xcLanguageSpecificationIdentifier = xcode.lang.objcpp; };
		DA9E21FE1B062E85001507A3 /* ExtractGameDataView.h */ = {isa = PBXFileReference; fileEncoding = 4; lastKnownFileType = sourcecode.c.h; path = ExtractGameDataView.h; sourceTree = "<group>"; };
		DA9E21FF1B062E85001507A3 /* ExtractGameDataView.m */ = {isa = PBXFileReference; fileEncoding = 4; lastKnownFileType = sourcecode.c.objc; path = ExtractGameDataView.m; sourceTree = "<group>"; };
		DA9E22011B062E85001507A3 /* ExtractGameDataWireFrame.h */ = {isa = PBXFileReference; fileEncoding = 4; lastKnownFileType = sourcecode.c.h; path = ExtractGameDataWireFrame.h; sourceTree = "<group>"; };
		DA9E22021B062E85001507A3 /* ExtractGameDataWireFrame.m */ = {isa = PBXFileReference; fileEncoding = 4; lastKnownFileType = sourcecode.c.objc; lineEnding = 0; path = ExtractGameDataWireFrame.m; sourceTree = "<group>"; xcLanguageSpecificationIdentifier = xcode.lang.objc; };
		DA9E220C1B069592001507A3 /* NSDate+Additions.h */ = {isa = PBXFileReference; fileEncoding = 4; lastKnownFileType = sourcecode.c.h; path = "NSDate+Additions.h"; sourceTree = "<group>"; };
		DA9E220D1B069592001507A3 /* NSDate+Additions.m */ = {isa = PBXFileReference; fileEncoding = 4; lastKnownFileType = sourcecode.c.objc; path = "NSDate+Additions.m"; sourceTree = "<group>"; };
		DA9F45ED1B1C967000DB96C8 /* AFHTTPRequestOperation+Additions.h */ = {isa = PBXFileReference; fileEncoding = 4; lastKnownFileType = sourcecode.c.h; path = "AFHTTPRequestOperation+Additions.h"; sourceTree = "<group>"; };
		DA9F45EE1B1C967000DB96C8 /* AFHTTPRequestOperation+Additions.m */ = {isa = PBXFileReference; fileEncoding = 4; lastKnownFileType = sourcecode.c.objc; path = "AFHTTPRequestOperation+Additions.m"; sourceTree = "<group>"; };
		DA9F45F31B1CBC5900DB96C8 /* BuildRdfAPIDataManager.h */ = {isa = PBXFileReference; fileEncoding = 4; lastKnownFileType = sourcecode.c.h; path = BuildRdfAPIDataManager.h; sourceTree = "<group>"; };
		DA9F45F41B1CBC5900DB96C8 /* BuildRdfAPIDataManager.m */ = {isa = PBXFileReference; fileEncoding = 4; lastKnownFileType = sourcecode.c.objc; path = BuildRdfAPIDataManager.m; sourceTree = "<group>"; };
		DA9F45F61B1CBC5900DB96C8 /* BuildRdfLocalDataManager.h */ = {isa = PBXFileReference; fileEncoding = 4; lastKnownFileType = sourcecode.c.h; path = BuildRdfLocalDataManager.h; sourceTree = "<group>"; };
		DA9F45F71B1CBC5900DB96C8 /* BuildRdfLocalDataManager.m */ = {isa = PBXFileReference; fileEncoding = 4; lastKnownFileType = sourcecode.c.objc; path = BuildRdfLocalDataManager.m; sourceTree = "<group>"; };
		DA9F45F91B1CBC5900DB96C8 /* BuildRdfInteractor.h */ = {isa = PBXFileReference; fileEncoding = 4; lastKnownFileType = sourcecode.c.h; path = BuildRdfInteractor.h; sourceTree = "<group>"; };
		DA9F45FA1B1CBC5900DB96C8 /* BuildRdfInteractor.m */ = {isa = PBXFileReference; fileEncoding = 4; lastKnownFileType = sourcecode.c.objc; path = BuildRdfInteractor.m; sourceTree = "<group>"; };
		DA9F45FB1B1CBC5900DB96C8 /* BuildRdfItem.h */ = {isa = PBXFileReference; fileEncoding = 4; lastKnownFileType = sourcecode.c.h; path = BuildRdfItem.h; sourceTree = "<group>"; };
		DA9F45FC1B1CBC5900DB96C8 /* BuildRdfItem.m */ = {isa = PBXFileReference; fileEncoding = 4; lastKnownFileType = sourcecode.c.objc; path = BuildRdfItem.m; sourceTree = "<group>"; };
		DA9F45FE1B1CBC5900DB96C8 /* BuildRdfPresenter.h */ = {isa = PBXFileReference; fileEncoding = 4; lastKnownFileType = sourcecode.c.h; path = BuildRdfPresenter.h; sourceTree = "<group>"; };
		DA9F45FF1B1CBC5900DB96C8 /* BuildRdfPresenter.m */ = {isa = PBXFileReference; fileEncoding = 4; lastKnownFileType = sourcecode.c.objc; path = BuildRdfPresenter.m; sourceTree = "<group>"; };
		DA9F46011B1CBC5900DB96C8 /* BuildRdfProtocols.h */ = {isa = PBXFileReference; fileEncoding = 4; lastKnownFileType = sourcecode.c.h; path = BuildRdfProtocols.h; sourceTree = "<group>"; };
		DA9F46031B1CBC5900DB96C8 /* BuildRdfView.h */ = {isa = PBXFileReference; fileEncoding = 4; lastKnownFileType = sourcecode.c.h; path = BuildRdfView.h; sourceTree = "<group>"; };
		DA9F46041B1CBC5900DB96C8 /* BuildRdfView.m */ = {isa = PBXFileReference; fileEncoding = 4; lastKnownFileType = sourcecode.c.objc; path = BuildRdfView.m; sourceTree = "<group>"; };
		DA9F46061B1CBC5900DB96C8 /* BuildRdfWireFrame.h */ = {isa = PBXFileReference; fileEncoding = 4; lastKnownFileType = sourcecode.c.h; path = BuildRdfWireFrame.h; sourceTree = "<group>"; };
		DA9F46071B1CBC5900DB96C8 /* BuildRdfWireFrame.m */ = {isa = PBXFileReference; fileEncoding = 4; lastKnownFileType = sourcecode.c.objc; path = BuildRdfWireFrame.m; sourceTree = "<group>"; };
		DAAAF22D1B23B83300CC2545 /* NSString+Additions.h */ = {isa = PBXFileReference; fileEncoding = 4; lastKnownFileType = sourcecode.c.h; path = "NSString+Additions.h"; sourceTree = "<group>"; };
		DAAAF22E1B23B83300CC2545 /* NSString+Additions.m */ = {isa = PBXFileReference; fileEncoding = 4; lastKnownFileType = sourcecode.c.objc; path = "NSString+Additions.m"; sourceTree = "<group>"; };
		DAACE01B1B0BDFC10059B44A /* ParseLondonDataStoreDataAPIDataManager.h */ = {isa = PBXFileReference; fileEncoding = 4; lastKnownFileType = sourcecode.c.h; path = ParseLondonDataStoreDataAPIDataManager.h; sourceTree = "<group>"; };
		DAACE01C1B0BDFC10059B44A /* ParseLondonDataStoreDataAPIDataManager.m */ = {isa = PBXFileReference; fileEncoding = 4; lastKnownFileType = sourcecode.c.objc; path = ParseLondonDataStoreDataAPIDataManager.m; sourceTree = "<group>"; };
		DAACE01E1B0BDFC10059B44A /* ParseLondonDataStoreDataLocalDataManager.h */ = {isa = PBXFileReference; fileEncoding = 4; lastKnownFileType = sourcecode.c.h; path = ParseLondonDataStoreDataLocalDataManager.h; sourceTree = "<group>"; };
		DAACE01F1B0BDFC10059B44A /* ParseLondonDataStoreDataLocalDataManager.m */ = {isa = PBXFileReference; fileEncoding = 4; lastKnownFileType = sourcecode.c.objc; path = ParseLondonDataStoreDataLocalDataManager.m; sourceTree = "<group>"; };
		DAACE0211B0BDFC10059B44A /* ParseLondonDataStoreDataInteractor.h */ = {isa = PBXFileReference; fileEncoding = 4; lastKnownFileType = sourcecode.c.h; path = ParseLondonDataStoreDataInteractor.h; sourceTree = "<group>"; };
		DAACE0221B0BDFC10059B44A /* ParseLondonDataStoreDataInteractor.m */ = {isa = PBXFileReference; fileEncoding = 4; lastKnownFileType = sourcecode.c.objc; path = ParseLondonDataStoreDataInteractor.m; sourceTree = "<group>"; };
		DAACE0231B0BDFC10059B44A /* ParseLondonDataStoreDataItem.h */ = {isa = PBXFileReference; fileEncoding = 4; lastKnownFileType = sourcecode.c.h; path = ParseLondonDataStoreDataItem.h; sourceTree = "<group>"; };
		DAACE0241B0BDFC10059B44A /* ParseLondonDataStoreDataItem.m */ = {isa = PBXFileReference; fileEncoding = 4; lastKnownFileType = sourcecode.c.objc; path = ParseLondonDataStoreDataItem.m; sourceTree = "<group>"; };
		DAACE0261B0BDFC10059B44A /* ParseLondonDataStoreDataPresenter.h */ = {isa = PBXFileReference; fileEncoding = 4; lastKnownFileType = sourcecode.c.h; path = ParseLondonDataStoreDataPresenter.h; sourceTree = "<group>"; };
		DAACE0271B0BDFC10059B44A /* ParseLondonDataStoreDataPresenter.m */ = {isa = PBXFileReference; fileEncoding = 4; lastKnownFileType = sourcecode.c.objc; path = ParseLondonDataStoreDataPresenter.m; sourceTree = "<group>"; };
		DAACE0291B0BDFC10059B44A /* ParseLondonDataStoreDataProtocols.h */ = {isa = PBXFileReference; fileEncoding = 4; lastKnownFileType = sourcecode.c.h; path = ParseLondonDataStoreDataProtocols.h; sourceTree = "<group>"; };
		DAACE02B1B0BDFC10059B44A /* ParseLondonDataStoreDataView.h */ = {isa = PBXFileReference; fileEncoding = 4; lastKnownFileType = sourcecode.c.h; path = ParseLondonDataStoreDataView.h; sourceTree = "<group>"; };
		DAACE02C1B0BDFC10059B44A /* ParseLondonDataStoreDataView.m */ = {isa = PBXFileReference; fileEncoding = 4; lastKnownFileType = sourcecode.c.objc; path = ParseLondonDataStoreDataView.m; sourceTree = "<group>"; };
		DAACE02E1B0BDFC10059B44A /* ParseLondonDataStoreDataWireFrame.h */ = {isa = PBXFileReference; fileEncoding = 4; lastKnownFileType = sourcecode.c.h; path = ParseLondonDataStoreDataWireFrame.h; sourceTree = "<group>"; };
		DAACE02F1B0BDFC10059B44A /* ParseLondonDataStoreDataWireFrame.m */ = {isa = PBXFileReference; fileEncoding = 4; lastKnownFileType = sourcecode.c.objc; path = ParseLondonDataStoreDataWireFrame.m; sourceTree = "<group>"; };
		DAE3876D1B14815D009229C8 /* SearchCrimeSceneAPIDataManager.h */ = {isa = PBXFileReference; fileEncoding = 4; lastKnownFileType = sourcecode.c.h; path = SearchCrimeSceneAPIDataManager.h; sourceTree = "<group>"; };
		DAE3876E1B14815D009229C8 /* SearchCrimeSceneAPIDataManager.m */ = {isa = PBXFileReference; fileEncoding = 4; lastKnownFileType = sourcecode.c.objc; path = SearchCrimeSceneAPIDataManager.m; sourceTree = "<group>"; };
		DAE387701B14815D009229C8 /* SearchCrimeSceneLocalDataManager.h */ = {isa = PBXFileReference; fileEncoding = 4; lastKnownFileType = sourcecode.c.h; path = SearchCrimeSceneLocalDataManager.h; sourceTree = "<group>"; };
		DAE387711B14815D009229C8 /* SearchCrimeSceneLocalDataManager.m */ = {isa = PBXFileReference; fileEncoding = 4; lastKnownFileType = sourcecode.c.objc; path = SearchCrimeSceneLocalDataManager.m; sourceTree = "<group>"; };
		DAE387731B14815D009229C8 /* SearchCrimeSceneInteractor.h */ = {isa = PBXFileReference; fileEncoding = 4; lastKnownFileType = sourcecode.c.h; path = SearchCrimeSceneInteractor.h; sourceTree = "<group>"; };
		DAE387741B14815D009229C8 /* SearchCrimeSceneInteractor.m */ = {isa = PBXFileReference; fileEncoding = 4; lastKnownFileType = sourcecode.c.objc; path = SearchCrimeSceneInteractor.m; sourceTree = "<group>"; };
		DAE387751B14815D009229C8 /* SearchCrimeSceneItem.h */ = {isa = PBXFileReference; fileEncoding = 4; lastKnownFileType = sourcecode.c.h; path = SearchCrimeSceneItem.h; sourceTree = "<group>"; };
		DAE387761B14815D009229C8 /* SearchCrimeSceneItem.m */ = {isa = PBXFileReference; fileEncoding = 4; lastKnownFileType = sourcecode.c.objc; path = SearchCrimeSceneItem.m; sourceTree = "<group>"; };
		DAE387781B14815D009229C8 /* SearchCrimeScenePresenter.h */ = {isa = PBXFileReference; fileEncoding = 4; lastKnownFileType = sourcecode.c.h; path = SearchCrimeScenePresenter.h; sourceTree = "<group>"; };
		DAE387791B14815D009229C8 /* SearchCrimeScenePresenter.m */ = {isa = PBXFileReference; fileEncoding = 4; lastKnownFileType = sourcecode.c.objc; path = SearchCrimeScenePresenter.m; sourceTree = "<group>"; };
		DAE3877B1B14815D009229C8 /* SearchCrimeSceneProtocols.h */ = {isa = PBXFileReference; fileEncoding = 4; lastKnownFileType = sourcecode.c.h; path = SearchCrimeSceneProtocols.h; sourceTree = "<group>"; };
		DAE3877D1B14815D009229C8 /* SearchCrimeSceneView.h */ = {isa = PBXFileReference; fileEncoding = 4; lastKnownFileType = sourcecode.c.h; path = SearchCrimeSceneView.h; sourceTree = "<group>"; };
		DAE3877E1B14815D009229C8 /* SearchCrimeSceneView.m */ = {isa = PBXFileReference; fileEncoding = 4; lastKnownFileType = sourcecode.c.objc; path = SearchCrimeSceneView.m; sourceTree = "<group>"; };
		DAE387801B14815D009229C8 /* SearchCrimeSceneWireFrame.h */ = {isa = PBXFileReference; fileEncoding = 4; lastKnownFileType = sourcecode.c.h; path = SearchCrimeSceneWireFrame.h; sourceTree = "<group>"; };
		DAE387811B14815D009229C8 /* SearchCrimeSceneWireFrame.m */ = {isa = PBXFileReference; fileEncoding = 4; lastKnownFileType = sourcecode.c.objc; path = SearchCrimeSceneWireFrame.m; sourceTree = "<group>"; };
/* End PBXFileReference section */

/* Begin PBXFrameworksBuildPhase section */
		DA4AB8B11B062A1A00D684CE /* Frameworks */ = {
			isa = PBXFrameworksBuildPhase;
			buildActionMask = 2147483647;
			files = (
				830C837A2D2624C8060B469C /* libPods-School Crime London.a in Frameworks */,
			);
			runOnlyForDeploymentPostprocessing = 0;
		};
		DA4AB8C71B062A1A00D684CE /* Frameworks */ = {
			isa = PBXFrameworksBuildPhase;
			buildActionMask = 2147483647;
			files = (
			);
			runOnlyForDeploymentPostprocessing = 0;
		};
/* End PBXFrameworksBuildPhase section */

/* Begin PBXGroup section */
		2B70E7E214CD7BDDE958365F /* Frameworks */ = {
			isa = PBXGroup;
			children = (
				59AA2DBF5C463785F0512B22 /* libPods-School Crime London.a */,
			);
			name = Frameworks;
			sourceTree = "<group>";
		};
		99186BF3EE414BED7BEB5850 /* Pods */ = {
			isa = PBXGroup;
			children = (
				B28C36BB3475D30947F80F7D /* Pods-School Crime London.debug.xcconfig */,
				9E7D1F96A70815FA7E309B28 /* Pods-School Crime London.release.xcconfig */,
			);
			name = Pods;
			sourceTree = "<group>";
		};
		DA2088021B32B2B70074B702 /* Ontology */ = {
			isa = PBXGroup;
			children = (
				DA2088041B32B2B70074B702 /* crime.ttl */,
				DA2088051B32B2B70074B702 /* game.ttl */,
				DA2088061B32B2B70074B702 /* location.ttl */,
				DA2088071B32B2B70074B702 /* point.ttl */,
				DA2088081B32B2B70074B702 /* school.ttl */,
			);
			path = Ontology;
			sourceTree = SOURCE_ROOT;
		};
		DA4AB8AB1B062A1A00D684CE = {
			isa = PBXGroup;
			children = (
				DA4AB8B61B062A1A00D684CE /* School Crime London */,
				DA4AB8CD1B062A1A00D684CE /* School Crime LondonTests */,
				DA4AB8B51B062A1A00D684CE /* Products */,
				99186BF3EE414BED7BEB5850 /* Pods */,
				2B70E7E214CD7BDDE958365F /* Frameworks */,
			);
			sourceTree = "<group>";
		};
		DA4AB8B51B062A1A00D684CE /* Products */ = {
			isa = PBXGroup;
			children = (
				DA4AB8B41B062A1A00D684CE /* School Crime London.app */,
				DA4AB8CA1B062A1A00D684CE /* School Crime LondonTests.xctest */,
			);
			name = Products;
			sourceTree = "<group>";
		};
		DA4AB8B61B062A1A00D684CE /* School Crime London */ = {
			isa = PBXGroup;
			children = (
				DA9E220A1B06954E001507A3 /* Common */,
				DA9E21EA1B062C70001507A3 /* Modules */,
				DA4AB8B91B062A1A00D684CE /* AppDelegate.h */,
				DA4AB8BA1B062A1A00D684CE /* AppDelegate.m */,
				DA4AB8C11B062A1A00D684CE /* Images.xcassets */,
				DA4AB8C31B062A1A00D684CE /* Main.storyboard */,
				DA4AB8B71B062A1A00D684CE /* Supporting Files */,
			);
			path = "School Crime London";
			sourceTree = "<group>";
		};
		DA4AB8B71B062A1A00D684CE /* Supporting Files */ = {
			isa = PBXGroup;
			children = (
				DA2088021B32B2B70074B702 /* Ontology */,
				DA6DE4A01B0E9C3200D94B4D /* LBCSchool-processed.csv */,
				DA4AB8B81B062A1A00D684CE /* Info.plist */,
				DA4AB8BC1B062A1A00D684CE /* main.m */,
			);
			name = "Supporting Files";
			sourceTree = "<group>";
		};
		DA4AB8CD1B062A1A00D684CE /* School Crime LondonTests */ = {
			isa = PBXGroup;
			children = (
				DA4AB8D01B062A1A00D684CE /* School_Crime_LondonTests.m */,
				DA4AB8CE1B062A1A00D684CE /* Supporting Files */,
			);
			path = "School Crime LondonTests";
			sourceTree = "<group>";
		};
		DA4AB8CE1B062A1A00D684CE /* Supporting Files */ = {
			isa = PBXGroup;
			children = (
				DA4AB8CF1B062A1A00D684CE /* Info.plist */,
			);
			name = "Supporting Files";
			sourceTree = "<group>";
		};
		DA739AD61B0E3AF600392983 /* TranslateSchoolNamesToCoords */ = {
			isa = PBXGroup;
			children = (
				DA739AD71B0E3AF600392983 /* DataManager */,
				DA739ADE1B0E3AF600392983 /* Interactor */,
				DA739AE31B0E3AF600392983 /* Presenter */,
				DA739AE61B0E3AF600392983 /* Protocols */,
				DA739AE81B0E3AF600392983 /* View */,
				DA739AEB1B0E3AF600392983 /* WireFrame */,
			);
			path = TranslateSchoolNamesToCoords;
			sourceTree = "<group>";
		};
		DA739AD71B0E3AF600392983 /* DataManager */ = {
			isa = PBXGroup;
			children = (
				DA739AD81B0E3AF600392983 /* API */,
				DA739ADB1B0E3AF600392983 /* Local */,
			);
			path = DataManager;
			sourceTree = "<group>";
		};
		DA739AD81B0E3AF600392983 /* API */ = {
			isa = PBXGroup;
			children = (
				DA739AD91B0E3AF600392983 /* TranslateSchoolNamesToCoordsAPIDataManager.h */,
				DA739ADA1B0E3AF600392983 /* TranslateSchoolNamesToCoordsAPIDataManager.m */,
			);
			path = API;
			sourceTree = "<group>";
		};
		DA739ADB1B0E3AF600392983 /* Local */ = {
			isa = PBXGroup;
			children = (
				DA739ADC1B0E3AF600392983 /* TranslateSchoolNamesToCoordsLocalDataManager.h */,
				DA739ADD1B0E3AF600392983 /* TranslateSchoolNamesToCoordsLocalDataManager.m */,
			);
			path = Local;
			sourceTree = "<group>";
		};
		DA739ADE1B0E3AF600392983 /* Interactor */ = {
			isa = PBXGroup;
			children = (
				DA739ADF1B0E3AF600392983 /* TranslateSchoolNamesToCoordsInteractor.h */,
				DA739AE01B0E3AF600392983 /* TranslateSchoolNamesToCoordsInteractor.m */,
				DA739AE11B0E3AF600392983 /* TranslateSchoolNamesToCoordsItem.h */,
				DA739AE21B0E3AF600392983 /* TranslateSchoolNamesToCoordsItem.m */,
			);
			path = Interactor;
			sourceTree = "<group>";
		};
		DA739AE31B0E3AF600392983 /* Presenter */ = {
			isa = PBXGroup;
			children = (
				DA739AE41B0E3AF600392983 /* TranslateSchoolNamesToCoordsPresenter.h */,
				DA739AE51B0E3AF600392983 /* TranslateSchoolNamesToCoordsPresenter.m */,
			);
			path = Presenter;
			sourceTree = "<group>";
		};
		DA739AE61B0E3AF600392983 /* Protocols */ = {
			isa = PBXGroup;
			children = (
				DA739AE71B0E3AF600392983 /* TranslateSchoolNamesToCoordsProtocols.h */,
			);
			path = Protocols;
			sourceTree = "<group>";
		};
		DA739AE81B0E3AF600392983 /* View */ = {
			isa = PBXGroup;
			children = (
				DA739AE91B0E3AF600392983 /* TranslateSchoolNamesToCoordsView.h */,
				DA739AEA1B0E3AF600392983 /* TranslateSchoolNamesToCoordsView.m */,
			);
			path = View;
			sourceTree = "<group>";
		};
		DA739AEB1B0E3AF600392983 /* WireFrame */ = {
			isa = PBXGroup;
			children = (
				DA739AEC1B0E3AF600392983 /* TranslateSchoolNamesToCoordsWireFrame.h */,
				DA739AED1B0E3AF600392983 /* TranslateSchoolNamesToCoordsWireFrame.m */,
			);
			path = WireFrame;
			sourceTree = "<group>";
		};
		DA93FD921B0DD68D00D7375A /* MainView */ = {
			isa = PBXGroup;
			children = (
				DA93FD931B0DD68D00D7375A /* DataManager */,
				DA93FD9A1B0DD68D00D7375A /* Interactor */,
				DA93FD9F1B0DD68D00D7375A /* Presenter */,
				DA93FDA21B0DD68D00D7375A /* Protocols */,
				DA93FDA41B0DD68D00D7375A /* View */,
				DA93FDA71B0DD68D00D7375A /* WireFrame */,
			);
			path = MainView;
			sourceTree = "<group>";
		};
		DA93FD931B0DD68D00D7375A /* DataManager */ = {
			isa = PBXGroup;
			children = (
				DA93FD941B0DD68D00D7375A /* API */,
				DA93FD971B0DD68D00D7375A /* Local */,
			);
			path = DataManager;
			sourceTree = "<group>";
		};
		DA93FD941B0DD68D00D7375A /* API */ = {
			isa = PBXGroup;
			children = (
				DA93FD951B0DD68D00D7375A /* MainViewAPIDataManager.h */,
				DA93FD961B0DD68D00D7375A /* MainViewAPIDataManager.m */,
			);
			path = API;
			sourceTree = "<group>";
		};
		DA93FD971B0DD68D00D7375A /* Local */ = {
			isa = PBXGroup;
			children = (
				DA93FD981B0DD68D00D7375A /* MainViewLocalDataManager.h */,
				DA93FD991B0DD68D00D7375A /* MainViewLocalDataManager.m */,
			);
			path = Local;
			sourceTree = "<group>";
		};
		DA93FD9A1B0DD68D00D7375A /* Interactor */ = {
			isa = PBXGroup;
			children = (
				DA93FD9B1B0DD68D00D7375A /* MainViewInteractor.h */,
				DA93FD9C1B0DD68D00D7375A /* MainViewInteractor.m */,
				DA93FD9D1B0DD68D00D7375A /* MainViewItem.h */,
				DA93FD9E1B0DD68D00D7375A /* MainViewItem.m */,
			);
			path = Interactor;
			sourceTree = "<group>";
		};
		DA93FD9F1B0DD68D00D7375A /* Presenter */ = {
			isa = PBXGroup;
			children = (
				DA93FDA01B0DD68D00D7375A /* MainViewPresenter.h */,
				DA93FDA11B0DD68D00D7375A /* MainViewPresenter.m */,
			);
			path = Presenter;
			sourceTree = "<group>";
		};
		DA93FDA21B0DD68D00D7375A /* Protocols */ = {
			isa = PBXGroup;
			children = (
				DA93FDA31B0DD68D00D7375A /* MainViewProtocols.h */,
			);
			path = Protocols;
			sourceTree = "<group>";
		};
		DA93FDA41B0DD68D00D7375A /* View */ = {
			isa = PBXGroup;
			children = (
				DA93FDA51B0DD68D00D7375A /* MainViewView.h */,
				DA93FDA61B0DD68D00D7375A /* MainViewView.m */,
			);
			path = View;
			sourceTree = "<group>";
		};
		DA93FDA71B0DD68D00D7375A /* WireFrame */ = {
			isa = PBXGroup;
			children = (
				DA93FDA81B0DD68D00D7375A /* MainViewWireFrame.h */,
				DA93FDA91B0DD68D00D7375A /* MainViewWireFrame.m */,
			);
			path = WireFrame;
			sourceTree = "<group>";
		};
		DA9E21EA1B062C70001507A3 /* Modules */ = {
			isa = PBXGroup;
			children = (
				DA9F45F01B1CBC5900DB96C8 /* BuildRdf */,
				DAE3876A1B14815D009229C8 /* SearchCrimeScene */,
				DA93FD921B0DD68D00D7375A /* MainView */,
				DAACE0181B0BDFC10059B44A /* ParseLondonDataStoreData */,
				DA9E21EB1B062E85001507A3 /* ExtractGameData */,
				DA739AD61B0E3AF600392983 /* TranslateSchoolNamesToCoords */,
			);
			path = Modules;
			sourceTree = "<group>";
		};
		DA9E21EB1B062E85001507A3 /* ExtractGameData */ = {
			isa = PBXGroup;
			children = (
				DA9E21EC1B062E85001507A3 /* DataManager */,
				DA9E21F31B062E85001507A3 /* Interactor */,
				DA9E21F81B062E85001507A3 /* Presenter */,
				DA9E21FB1B062E85001507A3 /* Protocols */,
				DA9E21FD1B062E85001507A3 /* View */,
				DA9E22001B062E85001507A3 /* WireFrame */,
			);
			path = ExtractGameData;
			sourceTree = "<group>";
		};
		DA9E21EC1B062E85001507A3 /* DataManager */ = {
			isa = PBXGroup;
			children = (
				DA9E21ED1B062E85001507A3 /* API */,
				DA9E21F01B062E85001507A3 /* Local */,
			);
			path = DataManager;
			sourceTree = "<group>";
		};
		DA9E21ED1B062E85001507A3 /* API */ = {
			isa = PBXGroup;
			children = (
				DA9E21EE1B062E85001507A3 /* ExtractGameDataAPIDataManager.h */,
				DA9E21EF1B062E85001507A3 /* ExtractGameDataAPIDataManager.m */,
			);
			path = API;
			sourceTree = "<group>";
		};
		DA9E21F01B062E85001507A3 /* Local */ = {
			isa = PBXGroup;
			children = (
				DA9E21F11B062E85001507A3 /* ExtractGameDataLocalDataManager.h */,
				DA9E21F21B062E85001507A3 /* ExtractGameDataLocalDataManager.m */,
			);
			path = Local;
			sourceTree = "<group>";
		};
		DA9E21F31B062E85001507A3 /* Interactor */ = {
			isa = PBXGroup;
			children = (
				DA9E21F41B062E85001507A3 /* ExtractGameDataInteractor.h */,
				DA9E21F51B062E85001507A3 /* ExtractGameDataInteractor.m */,
				DA9E21F61B062E85001507A3 /* ExtractGameDataItem.h */,
				DA9E21F71B062E85001507A3 /* ExtractGameDataItem.m */,
			);
			path = Interactor;
			sourceTree = "<group>";
		};
		DA9E21F81B062E85001507A3 /* Presenter */ = {
			isa = PBXGroup;
			children = (
				DA9E21F91B062E85001507A3 /* ExtractGameDataPresenter.h */,
				DA9E21FA1B062E85001507A3 /* ExtractGameDataPresenter.m */,
			);
			path = Presenter;
			sourceTree = "<group>";
		};
		DA9E21FB1B062E85001507A3 /* Protocols */ = {
			isa = PBXGroup;
			children = (
				DA9E21FC1B062E85001507A3 /* ExtractGameDataProtocols.h */,
			);
			path = Protocols;
			sourceTree = "<group>";
		};
		DA9E21FD1B062E85001507A3 /* View */ = {
			isa = PBXGroup;
			children = (
				DA9E21FE1B062E85001507A3 /* ExtractGameDataView.h */,
				DA9E21FF1B062E85001507A3 /* ExtractGameDataView.m */,
			);
			path = View;
			sourceTree = "<group>";
		};
		DA9E22001B062E85001507A3 /* WireFrame */ = {
			isa = PBXGroup;
			children = (
				DA9E22011B062E85001507A3 /* ExtractGameDataWireFrame.h */,
				DA9E22021B062E85001507A3 /* ExtractGameDataWireFrame.m */,
			);
			path = WireFrame;
			sourceTree = "<group>";
		};
		DA9E220A1B06954E001507A3 /* Common */ = {
			isa = PBXGroup;
			children = (
				DA9E220B1B06956A001507A3 /* Categories */,
			);
			path = Common;
			sourceTree = "<group>";
		};
		DA9E220B1B06956A001507A3 /* Categories */ = {
			isa = PBXGroup;
			children = (
				DA9E220C1B069592001507A3 /* NSDate+Additions.h */,
				DA9E220D1B069592001507A3 /* NSDate+Additions.m */,
				DA9F45ED1B1C967000DB96C8 /* AFHTTPRequestOperation+Additions.h */,
				DA9F45EE1B1C967000DB96C8 /* AFHTTPRequestOperation+Additions.m */,
				DAAAF22D1B23B83300CC2545 /* NSString+Additions.h */,
				DAAAF22E1B23B83300CC2545 /* NSString+Additions.m */,
			);
			path = Categories;
			sourceTree = "<group>";
		};
		DA9F45F01B1CBC5900DB96C8 /* BuildRdf */ = {
			isa = PBXGroup;
			children = (
				DA9F45F11B1CBC5900DB96C8 /* DataManager */,
				DA9F45F81B1CBC5900DB96C8 /* Interactor */,
				DA9F45FD1B1CBC5900DB96C8 /* Presenter */,
				DA9F46001B1CBC5900DB96C8 /* Protocols */,
				DA9F46021B1CBC5900DB96C8 /* View */,
				DA9F46051B1CBC5900DB96C8 /* WireFrame */,
			);
			path = BuildRdf;
			sourceTree = "<group>";
		};
		DA9F45F11B1CBC5900DB96C8 /* DataManager */ = {
			isa = PBXGroup;
			children = (
				DA9F45F21B1CBC5900DB96C8 /* API */,
				DA9F45F51B1CBC5900DB96C8 /* Local */,
			);
			path = DataManager;
			sourceTree = "<group>";
		};
		DA9F45F21B1CBC5900DB96C8 /* API */ = {
			isa = PBXGroup;
			children = (
				DA9F45F31B1CBC5900DB96C8 /* BuildRdfAPIDataManager.h */,
				DA9F45F41B1CBC5900DB96C8 /* BuildRdfAPIDataManager.m */,
			);
			path = API;
			sourceTree = "<group>";
		};
		DA9F45F51B1CBC5900DB96C8 /* Local */ = {
			isa = PBXGroup;
			children = (
				DA9F45F61B1CBC5900DB96C8 /* BuildRdfLocalDataManager.h */,
				DA9F45F71B1CBC5900DB96C8 /* BuildRdfLocalDataManager.m */,
			);
			path = Local;
			sourceTree = "<group>";
		};
		DA9F45F81B1CBC5900DB96C8 /* Interactor */ = {
			isa = PBXGroup;
			children = (
				DA9F45F91B1CBC5900DB96C8 /* BuildRdfInteractor.h */,
				DA9F45FA1B1CBC5900DB96C8 /* BuildRdfInteractor.m */,
				DA9F45FB1B1CBC5900DB96C8 /* BuildRdfItem.h */,
				DA9F45FC1B1CBC5900DB96C8 /* BuildRdfItem.m */,
			);
			path = Interactor;
			sourceTree = "<group>";
		};
		DA9F45FD1B1CBC5900DB96C8 /* Presenter */ = {
			isa = PBXGroup;
			children = (
				DA9F45FE1B1CBC5900DB96C8 /* BuildRdfPresenter.h */,
				DA9F45FF1B1CBC5900DB96C8 /* BuildRdfPresenter.m */,
			);
			path = Presenter;
			sourceTree = "<group>";
		};
		DA9F46001B1CBC5900DB96C8 /* Protocols */ = {
			isa = PBXGroup;
			children = (
				DA9F46011B1CBC5900DB96C8 /* BuildRdfProtocols.h */,
			);
			path = Protocols;
			sourceTree = "<group>";
		};
		DA9F46021B1CBC5900DB96C8 /* View */ = {
			isa = PBXGroup;
			children = (
				DA9F46031B1CBC5900DB96C8 /* BuildRdfView.h */,
				DA9F46041B1CBC5900DB96C8 /* BuildRdfView.m */,
			);
			path = View;
			sourceTree = "<group>";
		};
		DA9F46051B1CBC5900DB96C8 /* WireFrame */ = {
			isa = PBXGroup;
			children = (
				DA9F46061B1CBC5900DB96C8 /* BuildRdfWireFrame.h */,
				DA9F46071B1CBC5900DB96C8 /* BuildRdfWireFrame.m */,
			);
			path = WireFrame;
			sourceTree = "<group>";
		};
		DAACE0181B0BDFC10059B44A /* ParseLondonDataStoreData */ = {
			isa = PBXGroup;
			children = (
				DAACE0191B0BDFC10059B44A /* DataManager */,
				DAACE0201B0BDFC10059B44A /* Interactor */,
				DAACE0251B0BDFC10059B44A /* Presenter */,
				DAACE0281B0BDFC10059B44A /* Protocols */,
				DAACE02A1B0BDFC10059B44A /* View */,
				DAACE02D1B0BDFC10059B44A /* WireFrame */,
			);
			path = ParseLondonDataStoreData;
			sourceTree = "<group>";
		};
		DAACE0191B0BDFC10059B44A /* DataManager */ = {
			isa = PBXGroup;
			children = (
				DAACE01A1B0BDFC10059B44A /* API */,
				DAACE01D1B0BDFC10059B44A /* Local */,
			);
			path = DataManager;
			sourceTree = "<group>";
		};
		DAACE01A1B0BDFC10059B44A /* API */ = {
			isa = PBXGroup;
			children = (
				DAACE01B1B0BDFC10059B44A /* ParseLondonDataStoreDataAPIDataManager.h */,
				DAACE01C1B0BDFC10059B44A /* ParseLondonDataStoreDataAPIDataManager.m */,
			);
			path = API;
			sourceTree = "<group>";
		};
		DAACE01D1B0BDFC10059B44A /* Local */ = {
			isa = PBXGroup;
			children = (
				DAACE01E1B0BDFC10059B44A /* ParseLondonDataStoreDataLocalDataManager.h */,
				DAACE01F1B0BDFC10059B44A /* ParseLondonDataStoreDataLocalDataManager.m */,
			);
			path = Local;
			sourceTree = "<group>";
		};
		DAACE0201B0BDFC10059B44A /* Interactor */ = {
			isa = PBXGroup;
			children = (
				DAACE0211B0BDFC10059B44A /* ParseLondonDataStoreDataInteractor.h */,
				DAACE0221B0BDFC10059B44A /* ParseLondonDataStoreDataInteractor.m */,
				DAACE0231B0BDFC10059B44A /* ParseLondonDataStoreDataItem.h */,
				DAACE0241B0BDFC10059B44A /* ParseLondonDataStoreDataItem.m */,
			);
			path = Interactor;
			sourceTree = "<group>";
		};
		DAACE0251B0BDFC10059B44A /* Presenter */ = {
			isa = PBXGroup;
			children = (
				DAACE0261B0BDFC10059B44A /* ParseLondonDataStoreDataPresenter.h */,
				DAACE0271B0BDFC10059B44A /* ParseLondonDataStoreDataPresenter.m */,
			);
			path = Presenter;
			sourceTree = "<group>";
		};
		DAACE0281B0BDFC10059B44A /* Protocols */ = {
			isa = PBXGroup;
			children = (
				DAACE0291B0BDFC10059B44A /* ParseLondonDataStoreDataProtocols.h */,
			);
			path = Protocols;
			sourceTree = "<group>";
		};
		DAACE02A1B0BDFC10059B44A /* View */ = {
			isa = PBXGroup;
			children = (
				DAACE02B1B0BDFC10059B44A /* ParseLondonDataStoreDataView.h */,
				DAACE02C1B0BDFC10059B44A /* ParseLondonDataStoreDataView.m */,
			);
			path = View;
			sourceTree = "<group>";
		};
		DAACE02D1B0BDFC10059B44A /* WireFrame */ = {
			isa = PBXGroup;
			children = (
				DAACE02E1B0BDFC10059B44A /* ParseLondonDataStoreDataWireFrame.h */,
				DAACE02F1B0BDFC10059B44A /* ParseLondonDataStoreDataWireFrame.m */,
			);
			path = WireFrame;
			sourceTree = "<group>";
		};
		DAE3876A1B14815D009229C8 /* SearchCrimeScene */ = {
			isa = PBXGroup;
			children = (
				DAE3876B1B14815D009229C8 /* DataManager */,
				DAE387721B14815D009229C8 /* Interactor */,
				DAE387771B14815D009229C8 /* Presenter */,
				DAE3877A1B14815D009229C8 /* Protocols */,
				DAE3877C1B14815D009229C8 /* View */,
				DAE3877F1B14815D009229C8 /* WireFrame */,
			);
			path = SearchCrimeScene;
			sourceTree = "<group>";
		};
		DAE3876B1B14815D009229C8 /* DataManager */ = {
			isa = PBXGroup;
			children = (
				DAE3876C1B14815D009229C8 /* API */,
				DAE3876F1B14815D009229C8 /* Local */,
			);
			path = DataManager;
			sourceTree = "<group>";
		};
		DAE3876C1B14815D009229C8 /* API */ = {
			isa = PBXGroup;
			children = (
				DAE3876D1B14815D009229C8 /* SearchCrimeSceneAPIDataManager.h */,
				DAE3876E1B14815D009229C8 /* SearchCrimeSceneAPIDataManager.m */,
			);
			path = API;
			sourceTree = "<group>";
		};
		DAE3876F1B14815D009229C8 /* Local */ = {
			isa = PBXGroup;
			children = (
				DAE387701B14815D009229C8 /* SearchCrimeSceneLocalDataManager.h */,
				DAE387711B14815D009229C8 /* SearchCrimeSceneLocalDataManager.m */,
			);
			path = Local;
			sourceTree = "<group>";
		};
		DAE387721B14815D009229C8 /* Interactor */ = {
			isa = PBXGroup;
			children = (
				DAE387731B14815D009229C8 /* SearchCrimeSceneInteractor.h */,
				DAE387741B14815D009229C8 /* SearchCrimeSceneInteractor.m */,
				DAE387751B14815D009229C8 /* SearchCrimeSceneItem.h */,
				DAE387761B14815D009229C8 /* SearchCrimeSceneItem.m */,
			);
			path = Interactor;
			sourceTree = "<group>";
		};
		DAE387771B14815D009229C8 /* Presenter */ = {
			isa = PBXGroup;
			children = (
				DAE387781B14815D009229C8 /* SearchCrimeScenePresenter.h */,
				DAE387791B14815D009229C8 /* SearchCrimeScenePresenter.m */,
			);
			path = Presenter;
			sourceTree = "<group>";
		};
		DAE3877A1B14815D009229C8 /* Protocols */ = {
			isa = PBXGroup;
			children = (
				DAE3877B1B14815D009229C8 /* SearchCrimeSceneProtocols.h */,
			);
			path = Protocols;
			sourceTree = "<group>";
		};
		DAE3877C1B14815D009229C8 /* View */ = {
			isa = PBXGroup;
			children = (
				DAE3877D1B14815D009229C8 /* SearchCrimeSceneView.h */,
				DAE3877E1B14815D009229C8 /* SearchCrimeSceneView.m */,
			);
			path = View;
			sourceTree = "<group>";
		};
		DAE3877F1B14815D009229C8 /* WireFrame */ = {
			isa = PBXGroup;
			children = (
				DAE387801B14815D009229C8 /* SearchCrimeSceneWireFrame.h */,
				DAE387811B14815D009229C8 /* SearchCrimeSceneWireFrame.m */,
			);
			path = WireFrame;
			sourceTree = "<group>";
		};
/* End PBXGroup section */

/* Begin PBXNativeTarget section */
		DA4AB8B31B062A1A00D684CE /* School Crime London */ = {
			isa = PBXNativeTarget;
			buildConfigurationList = DA4AB8D41B062A1A00D684CE /* Build configuration list for PBXNativeTarget "School Crime London" */;
			buildPhases = (
				2332A0162B5DA5564CF1960E /* Check Pods Manifest.lock */,
				DA4AB8B01B062A1A00D684CE /* Sources */,
				DA4AB8B11B062A1A00D684CE /* Frameworks */,
				DA4AB8B21B062A1A00D684CE /* Resources */,
				11602A22856BFCCB5F33E515 /* Copy Pods Resources */,
			);
			buildRules = (
			);
			dependencies = (
			);
			name = "School Crime London";
			productName = "School Crime London";
			productReference = DA4AB8B41B062A1A00D684CE /* School Crime London.app */;
			productType = "com.apple.product-type.application";
		};
		DA4AB8C91B062A1A00D684CE /* School Crime LondonTests */ = {
			isa = PBXNativeTarget;
			buildConfigurationList = DA4AB8D71B062A1A00D684CE /* Build configuration list for PBXNativeTarget "School Crime LondonTests" */;
			buildPhases = (
				DA4AB8C61B062A1A00D684CE /* Sources */,
				DA4AB8C71B062A1A00D684CE /* Frameworks */,
				DA4AB8C81B062A1A00D684CE /* Resources */,
			);
			buildRules = (
			);
			dependencies = (
				DA4AB8CC1B062A1A00D684CE /* PBXTargetDependency */,
			);
			name = "School Crime LondonTests";
			productName = "School Crime LondonTests";
			productReference = DA4AB8CA1B062A1A00D684CE /* School Crime LondonTests.xctest */;
			productType = "com.apple.product-type.bundle.unit-test";
		};
/* End PBXNativeTarget section */

/* Begin PBXProject section */
		DA4AB8AC1B062A1A00D684CE /* Project object */ = {
			isa = PBXProject;
			attributes = {
				LastUpgradeCheck = 0630;
				ORGANIZATIONNAME = "Georges Alkhouri";
				TargetAttributes = {
					DA4AB8B31B062A1A00D684CE = {
						CreatedOnToolsVersion = 6.3.1;
					};
					DA4AB8C91B062A1A00D684CE = {
						CreatedOnToolsVersion = 6.3.1;
						TestTargetID = DA4AB8B31B062A1A00D684CE;
					};
				};
			};
			buildConfigurationList = DA4AB8AF1B062A1A00D684CE /* Build configuration list for PBXProject "School Crime London" */;
			compatibilityVersion = "Xcode 3.2";
			developmentRegion = English;
			hasScannedForEncodings = 0;
			knownRegions = (
				en,
				Base,
			);
			mainGroup = DA4AB8AB1B062A1A00D684CE;
			productRefGroup = DA4AB8B51B062A1A00D684CE /* Products */;
			projectDirPath = "";
			projectRoot = "";
			targets = (
				DA4AB8B31B062A1A00D684CE /* School Crime London */,
				DA4AB8C91B062A1A00D684CE /* School Crime LondonTests */,
			);
		};
/* End PBXProject section */

/* Begin PBXResourcesBuildPhase section */
		DA4AB8B21B062A1A00D684CE /* Resources */ = {
			isa = PBXResourcesBuildPhase;
			buildActionMask = 2147483647;
			files = (
				DA4AB8C21B062A1A00D684CE /* Images.xcassets in Resources */,
				DA20880C1B32B2B70074B702 /* location.ttl in Resources */,
				DA4AB8C51B062A1A00D684CE /* Main.storyboard in Resources */,
				DA20880B1B32B2B70074B702 /* game.ttl in Resources */,
				DA20880A1B32B2B70074B702 /* crime.ttl in Resources */,
				DA20880E1B32B2B70074B702 /* school.ttl in Resources */,
				DA20880D1B32B2B70074B702 /* point.ttl in Resources */,
				DA6DE4A11B0E9C3200D94B4D /* LBCSchool-processed.csv in Resources */,
			);
			runOnlyForDeploymentPostprocessing = 0;
		};
		DA4AB8C81B062A1A00D684CE /* Resources */ = {
			isa = PBXResourcesBuildPhase;
			buildActionMask = 2147483647;
			files = (
			);
			runOnlyForDeploymentPostprocessing = 0;
		};
/* End PBXResourcesBuildPhase section */

/* Begin PBXShellScriptBuildPhase section */
		11602A22856BFCCB5F33E515 /* Copy Pods Resources */ = {
			isa = PBXShellScriptBuildPhase;
			buildActionMask = 2147483647;
			files = (
			);
			inputPaths = (
			);
			name = "Copy Pods Resources";
			outputPaths = (
			);
			runOnlyForDeploymentPostprocessing = 0;
			shellPath = /bin/sh;
			shellScript = "\"${SRCROOT}/Pods/Target Support Files/Pods-School Crime London/Pods-School Crime London-resources.sh\"\n";
			showEnvVarsInLog = 0;
		};
		2332A0162B5DA5564CF1960E /* Check Pods Manifest.lock */ = {
			isa = PBXShellScriptBuildPhase;
			buildActionMask = 2147483647;
			files = (
			);
			inputPaths = (
			);
			name = "Check Pods Manifest.lock";
			outputPaths = (
			);
			runOnlyForDeploymentPostprocessing = 0;
			shellPath = /bin/sh;
			shellScript = "diff \"${PODS_ROOT}/../Podfile.lock\" \"${PODS_ROOT}/Manifest.lock\" > /dev/null\nif [[ $? != 0 ]] ; then\n    cat << EOM\nerror: The sandbox is not in sync with the Podfile.lock. Run 'pod install' or update your CocoaPods installation.\nEOM\n    exit 1\nfi\n";
			showEnvVarsInLog = 0;
		};
/* End PBXShellScriptBuildPhase section */

/* Begin PBXSourcesBuildPhase section */
		DA4AB8B01B062A1A00D684CE /* Sources */ = {
			isa = PBXSourcesBuildPhase;
			buildActionMask = 2147483647;
			files = (
				DAACE0331B0BDFC10059B44A /* ParseLondonDataStoreDataItem.m in Sources */,
				DA9E220E1B069592001507A3 /* NSDate+Additions.m in Sources */,
				DA9F460C1B1CBC5900DB96C8 /* BuildRdfPresenter.m in Sources */,
				DA93FDAE1B0DD68D00D7375A /* MainViewPresenter.m in Sources */,
				DA93FDAA1B0DD68D00D7375A /* MainViewAPIDataManager.m in Sources */,
				DA9E22041B062E85001507A3 /* ExtractGameDataLocalDataManager.m in Sources */,
				DA9F460E1B1CBC5900DB96C8 /* BuildRdfWireFrame.m in Sources */,
				DAE387851B14815D009229C8 /* SearchCrimeSceneItem.m in Sources */,
				DAACE0341B0BDFC10059B44A /* ParseLondonDataStoreDataPresenter.m in Sources */,
				DA9F460B1B1CBC5900DB96C8 /* BuildRdfItem.m in Sources */,
				DA739AEF1B0E3AF600392983 /* TranslateSchoolNamesToCoordsLocalDataManager.m in Sources */,
				DAE387881B14815D009229C8 /* SearchCrimeSceneWireFrame.m in Sources */,
				DA739AF01B0E3AF600392983 /* TranslateSchoolNamesToCoordsInteractor.m in Sources */,
				DAACE0321B0BDFC10059B44A /* ParseLondonDataStoreDataInteractor.m in Sources */,
				DA739AF21B0E3AF600392983 /* TranslateSchoolNamesToCoordsPresenter.m in Sources */,
				DA93FDAC1B0DD68D00D7375A /* MainViewInteractor.m in Sources */,
				DA9E22071B062E85001507A3 /* ExtractGameDataPresenter.m in Sources */,
				DA739AF11B0E3AF600392983 /* TranslateSchoolNamesToCoordsItem.m in Sources */,
				DA93FDAF1B0DD68D00D7375A /* MainViewView.m in Sources */,
				DAACE0301B0BDFC10059B44A /* ParseLondonDataStoreDataAPIDataManager.m in Sources */,
				DA9E22051B062E85001507A3 /* ExtractGameDataInteractor.m in Sources */,
				DA4AB8BD1B062A1A00D684CE /* main.m in Sources */,
				DA9E22081B062E85001507A3 /* ExtractGameDataView.m in Sources */,
				DA739AEE1B0E3AF600392983 /* TranslateSchoolNamesToCoordsAPIDataManager.m in Sources */,
				DAACE0351B0BDFC10059B44A /* ParseLondonDataStoreDataView.m in Sources */,
				DA9F46091B1CBC5900DB96C8 /* BuildRdfLocalDataManager.m in Sources */,
				DAACE0361B0BDFC10059B44A /* ParseLondonDataStoreDataWireFrame.m in Sources */,
				DA93FDB01B0DD68D00D7375A /* MainViewWireFrame.m in Sources */,
				DA93FDAB1B0DD68D00D7375A /* MainViewLocalDataManager.m in Sources */,
				DA9E22031B062E85001507A3 /* ExtractGameDataAPIDataManager.m in Sources */,
				DA4AB8BB1B062A1A00D684CE /* AppDelegate.m in Sources */,
				DAE387861B14815D009229C8 /* SearchCrimeScenePresenter.m in Sources */,
				DA739AF41B0E3AF600392983 /* TranslateSchoolNamesToCoordsWireFrame.m in Sources */,
				DA739AF31B0E3AF600392983 /* TranslateSchoolNamesToCoordsView.m in Sources */,
				DA9E22091B062E85001507A3 /* ExtractGameDataWireFrame.m in Sources */,
				DAE387841B14815D009229C8 /* SearchCrimeSceneInteractor.m in Sources */,
				DAE387821B14815D009229C8 /* SearchCrimeSceneAPIDataManager.m in Sources */,
				DA9E22061B062E85001507A3 /* ExtractGameDataItem.m in Sources */,
				DAE387871B14815D009229C8 /* SearchCrimeSceneView.m in Sources */,
				DAAAF22F1B23B83300CC2545 /* NSString+Additions.m in Sources */,
				DA9F460D1B1CBC5900DB96C8 /* BuildRdfView.m in Sources */,
				DAE387831B14815D009229C8 /* SearchCrimeSceneLocalDataManager.m in Sources */,
				DA9F45EF1B1C967000DB96C8 /* AFHTTPRequestOperation+Additions.m in Sources */,
				DA93FDAD1B0DD68D00D7375A /* MainViewItem.m in Sources */,
				DA9F46081B1CBC5900DB96C8 /* BuildRdfAPIDataManager.m in Sources */,
				DA9F460A1B1CBC5900DB96C8 /* BuildRdfInteractor.m in Sources */,
				DAACE0311B0BDFC10059B44A /* ParseLondonDataStoreDataLocalDataManager.m in Sources */,
			);
			runOnlyForDeploymentPostprocessing = 0;
		};
		DA4AB8C61B062A1A00D684CE /* Sources */ = {
			isa = PBXSourcesBuildPhase;
			buildActionMask = 2147483647;
			files = (
				DA4AB8D11B062A1A00D684CE /* School_Crime_LondonTests.m in Sources */,
			);
			runOnlyForDeploymentPostprocessing = 0;
		};
/* End PBXSourcesBuildPhase section */

/* Begin PBXTargetDependency section */
		DA4AB8CC1B062A1A00D684CE /* PBXTargetDependency */ = {
			isa = PBXTargetDependency;
			target = DA4AB8B31B062A1A00D684CE /* School Crime London */;
			targetProxy = DA4AB8CB1B062A1A00D684CE /* PBXContainerItemProxy */;
		};
/* End PBXTargetDependency section */

/* Begin PBXVariantGroup section */
		DA4AB8C31B062A1A00D684CE /* Main.storyboard */ = {
			isa = PBXVariantGroup;
			children = (
				DA4AB8C41B062A1A00D684CE /* Base */,
			);
			name = Main.storyboard;
			sourceTree = "<group>";
		};
/* End PBXVariantGroup section */

/* Begin XCBuildConfiguration section */
		DA4AB8D21B062A1A00D684CE /* Debug */ = {
			isa = XCBuildConfiguration;
			buildSettings = {
				ALWAYS_SEARCH_USER_PATHS = NO;
				CLANG_CXX_LANGUAGE_STANDARD = "gnu++0x";
				CLANG_CXX_LIBRARY = "libc++";
				CLANG_ENABLE_MODULES = YES;
				CLANG_ENABLE_OBJC_ARC = YES;
				CLANG_WARN_BOOL_CONVERSION = YES;
				CLANG_WARN_CONSTANT_CONVERSION = YES;
				CLANG_WARN_DIRECT_OBJC_ISA_USAGE = YES_ERROR;
				CLANG_WARN_EMPTY_BODY = YES;
				CLANG_WARN_ENUM_CONVERSION = YES;
				CLANG_WARN_INT_CONVERSION = YES;
				CLANG_WARN_OBJC_ROOT_CLASS = YES_ERROR;
				CLANG_WARN_UNREACHABLE_CODE = YES;
				CLANG_WARN__DUPLICATE_METHOD_MATCH = YES;
				CODE_SIGN_IDENTITY = "-";
				COPY_PHASE_STRIP = NO;
				DEBUG_INFORMATION_FORMAT = dwarf;
				ENABLE_STRICT_OBJC_MSGSEND = YES;
				GCC_C_LANGUAGE_STANDARD = gnu99;
				GCC_DYNAMIC_NO_PIC = NO;
				GCC_NO_COMMON_BLOCKS = YES;
				GCC_OPTIMIZATION_LEVEL = 0;
				GCC_PREPROCESSOR_DEFINITIONS = (
					"DEBUG=1",
					"$(inherited)",
				);
				GCC_SYMBOLS_PRIVATE_EXTERN = NO;
				GCC_WARN_64_TO_32_BIT_CONVERSION = YES;
				GCC_WARN_ABOUT_RETURN_TYPE = YES_ERROR;
				GCC_WARN_UNDECLARED_SELECTOR = YES;
				GCC_WARN_UNINITIALIZED_AUTOS = YES_AGGRESSIVE;
				GCC_WARN_UNUSED_FUNCTION = YES;
				GCC_WARN_UNUSED_VARIABLE = YES;
				MACOSX_DEPLOYMENT_TARGET = 10.10;
				MTL_ENABLE_DEBUG_INFO = YES;
				ONLY_ACTIVE_ARCH = YES;
				SDKROOT = macosx;
			};
			name = Debug;
		};
		DA4AB8D31B062A1A00D684CE /* Release */ = {
			isa = XCBuildConfiguration;
			buildSettings = {
				ALWAYS_SEARCH_USER_PATHS = NO;
				CLANG_CXX_LANGUAGE_STANDARD = "gnu++0x";
				CLANG_CXX_LIBRARY = "libc++";
				CLANG_ENABLE_MODULES = YES;
				CLANG_ENABLE_OBJC_ARC = YES;
				CLANG_WARN_BOOL_CONVERSION = YES;
				CLANG_WARN_CONSTANT_CONVERSION = YES;
				CLANG_WARN_DIRECT_OBJC_ISA_USAGE = YES_ERROR;
				CLANG_WARN_EMPTY_BODY = YES;
				CLANG_WARN_ENUM_CONVERSION = YES;
				CLANG_WARN_INT_CONVERSION = YES;
				CLANG_WARN_OBJC_ROOT_CLASS = YES_ERROR;
				CLANG_WARN_UNREACHABLE_CODE = YES;
				CLANG_WARN__DUPLICATE_METHOD_MATCH = YES;
				CODE_SIGN_IDENTITY = "-";
				COPY_PHASE_STRIP = NO;
				DEBUG_INFORMATION_FORMAT = "dwarf-with-dsym";
				ENABLE_NS_ASSERTIONS = NO;
				ENABLE_STRICT_OBJC_MSGSEND = YES;
				GCC_C_LANGUAGE_STANDARD = gnu99;
				GCC_NO_COMMON_BLOCKS = YES;
				GCC_WARN_64_TO_32_BIT_CONVERSION = YES;
				GCC_WARN_ABOUT_RETURN_TYPE = YES_ERROR;
				GCC_WARN_UNDECLARED_SELECTOR = YES;
				GCC_WARN_UNINITIALIZED_AUTOS = YES_AGGRESSIVE;
				GCC_WARN_UNUSED_FUNCTION = YES;
				GCC_WARN_UNUSED_VARIABLE = YES;
				MACOSX_DEPLOYMENT_TARGET = 10.10;
				MTL_ENABLE_DEBUG_INFO = NO;
				SDKROOT = macosx;
			};
			name = Release;
		};
		DA4AB8D51B062A1A00D684CE /* Debug */ = {
			isa = XCBuildConfiguration;
			baseConfigurationReference = B28C36BB3475D30947F80F7D /* Pods-School Crime London.debug.xcconfig */;
			buildSettings = {
				ASSETCATALOG_COMPILER_APPICON_NAME = AppIcon;
				COMBINE_HIDPI_IMAGES = YES;
				INFOPLIST_FILE = "School Crime London/Info.plist";
				LD_RUNPATH_SEARCH_PATHS = "$(inherited) @executable_path/../Frameworks";
				PRODUCT_NAME = "$(TARGET_NAME)";
			};
			name = Debug;
		};
		DA4AB8D61B062A1A00D684CE /* Release */ = {
			isa = XCBuildConfiguration;
			baseConfigurationReference = 9E7D1F96A70815FA7E309B28 /* Pods-School Crime London.release.xcconfig */;
			buildSettings = {
				ASSETCATALOG_COMPILER_APPICON_NAME = AppIcon;
				COMBINE_HIDPI_IMAGES = YES;
				INFOPLIST_FILE = "School Crime London/Info.plist";
				LD_RUNPATH_SEARCH_PATHS = "$(inherited) @executable_path/../Frameworks";
				PRODUCT_NAME = "$(TARGET_NAME)";
			};
			name = Release;
		};
		DA4AB8D81B062A1A00D684CE /* Debug */ = {
			isa = XCBuildConfiguration;
			buildSettings = {
				BUNDLE_LOADER = "$(TEST_HOST)";
				COMBINE_HIDPI_IMAGES = YES;
				FRAMEWORK_SEARCH_PATHS = (
					"$(DEVELOPER_FRAMEWORKS_DIR)",
					"$(inherited)",
				);
				GCC_PREPROCESSOR_DEFINITIONS = (
					"DEBUG=1",
					"$(inherited)",
				);
				INFOPLIST_FILE = "School Crime LondonTests/Info.plist";
				LD_RUNPATH_SEARCH_PATHS = "$(inherited) @executable_path/../Frameworks @loader_path/../Frameworks";
				PRODUCT_NAME = "$(TARGET_NAME)";
				TEST_HOST = "$(BUILT_PRODUCTS_DIR)/School Crime London.app/Contents/MacOS/School Crime London";
			};
			name = Debug;
		};
		DA4AB8D91B062A1A00D684CE /* Release */ = {
			isa = XCBuildConfiguration;
			buildSettings = {
				BUNDLE_LOADER = "$(TEST_HOST)";
				COMBINE_HIDPI_IMAGES = YES;
				FRAMEWORK_SEARCH_PATHS = (
					"$(DEVELOPER_FRAMEWORKS_DIR)",
					"$(inherited)",
				);
				INFOPLIST_FILE = "School Crime LondonTests/Info.plist";
				LD_RUNPATH_SEARCH_PATHS = "$(inherited) @executable_path/../Frameworks @loader_path/../Frameworks";
				PRODUCT_NAME = "$(TARGET_NAME)";
				TEST_HOST = "$(BUILT_PRODUCTS_DIR)/School Crime London.app/Contents/MacOS/School Crime London";
			};
			name = Release;
		};
/* End XCBuildConfiguration section */

/* Begin XCConfigurationList section */
		DA4AB8AF1B062A1A00D684CE /* Build configuration list for PBXProject "School Crime London" */ = {
			isa = XCConfigurationList;
			buildConfigurations = (
				DA4AB8D21B062A1A00D684CE /* Debug */,
				DA4AB8D31B062A1A00D684CE /* Release */,
			);
			defaultConfigurationIsVisible = 0;
			defaultConfigurationName = Release;
		};
		DA4AB8D41B062A1A00D684CE /* Build configuration list for PBXNativeTarget "School Crime London" */ = {
			isa = XCConfigurationList;
			buildConfigurations = (
				DA4AB8D51B062A1A00D684CE /* Debug */,
				DA4AB8D61B062A1A00D684CE /* Release */,
			);
			defaultConfigurationIsVisible = 0;
			defaultConfigurationName = Release;
		};
		DA4AB8D71B062A1A00D684CE /* Build configuration list for PBXNativeTarget "School Crime LondonTests" */ = {
			isa = XCConfigurationList;
			buildConfigurations = (
				DA4AB8D81B062A1A00D684CE /* Debug */,
				DA4AB8D91B062A1A00D684CE /* Release */,
			);
			defaultConfigurationIsVisible = 0;
			defaultConfigurationName = Release;
		};
/* End XCConfigurationList section */
	};
	rootObject = DA4AB8AC1B062A1A00D684CE /* Project object */;
}
